
Microsoft Visual Studio Solution File, Format Version 12.00
# Visual Studio 15
VisualStudioVersion = 15.0.28302.56
MinimumVisualStudioVersion = 10.0.40219.1
Project("{FAE04EC0-301F-11D3-BF4B-00C04F79EFBC}") = "Ежедневник", "Ежедневник\Ежедневник.csproj", "{D6EAAAD0-283F-4A84-B154-1B41F5EF7927}"
EndProject
Global
	GlobalSection(SolutionConfigurationPlatforms) = preSolution
		Debug|Any CPU = Debug|Any CPU
		Release|Any CPU = Release|Any CPU
	EndGlobalSection
	GlobalSection(ProjectConfigurationPlatforms) = postSolution
		{D6EAAAD0-283F-4A84-B154-1B41F5EF7927}.Debug|Any CPU.ActiveCfg = Debug|Any CPU
		{D6EAAAD0-283F-4A84-B154-1B41F5EF7927}.Debug|Any CPU.Build.0 = Debug|Any CPU
		{D6EAAAD0-283F-4A84-B154-1B41F5EF7927}.Release|Any CPU.ActiveCfg = Release|Any CPU
		{D6EAAAD0-283F-4A84-B154-1B41F5EF7927}.Release|Any CPU.Build.0 = Release|Any CPU
	EndGlobalSection
	GlobalSection(SolutionProperties) = preSolution
		HideSolutionNode = FALSE
	EndGlobalSection
	GlobalSection(ExtensibilityGlobals) = postSolution
		SolutionGuid = {01BA8505-2972-4C72-B6B9-950C4AC3EB50}
	EndGlobalSection
EndGlobal
